
Microsoft Visual Studio Solution File, Format Version 12.00
# Visual Studio Version 17
VisualStudioVersion = 17.5.002.0
MinimumVisualStudioVersion = 10.0.40219.1
Project("{9A19103F-16F7-4668-BE54-9A1E7A4F7556}") = "TrilhaApiDesafio", "TrilhaApiDesafio.csproj", "{AB7D601C-4DD8-4A0D-9773-C440B6C52959}"
EndProject
Global
	GlobalSection(SolutionConfigurationPlatforms) = preSolution
		Debug|Any CPU = Debug|Any CPU
		Release|Any CPU = Release|Any CPU
	EndGlobalSection
	GlobalSection(ProjectConfigurationPlatforms) = postSolution
		{AB7D601C-4DD8-4A0D-9773-C440B6C52959}.Debug|Any CPU.ActiveCfg = Debug|Any CPU
		{AB7D601C-4DD8-4A0D-9773-C440B6C52959}.Debug|Any CPU.Build.0 = Debug|Any CPU
		{AB7D601C-4DD8-4A0D-9773-C440B6C52959}.Release|Any CPU.ActiveCfg = Release|Any CPU
		{AB7D601C-4DD8-4A0D-9773-C440B6C52959}.Release|Any CPU.Build.0 = Release|Any CPU
	EndGlobalSection
	GlobalSection(SolutionProperties) = preSolution
		HideSolutionNode = FALSE
	EndGlobalSection
	GlobalSection(ExtensibilityGlobals) = postSolution
		SolutionGuid = {B136099C-1B74-40DD-B0DF-B57BB9DCBD7F}
	EndGlobalSection
EndGlobal
